<?xml version="1.0" encoding="UTF-8" standalone="yes" ?>
<CodeBlocks_project_file>
	<FileVersion major="1" minor="6" />
	<Project>
		<Option title="SteamRunner" />
		<Option pch_mode="2" />
		<Option compiler="gcc" />
		<Build>
			<Target title="Debug">
				<Option output="dbg/SteamRunner" prefix_auto="1" extension_auto="1" />
				<Option object_output="dbg/obj/" />
				<Option type="1" />
				<Option compiler="gcc" />
				<Compiler>
					<Add option="-std=c++11" />
					<Add option="-g" />
					<Add option="-pedantic -Wall -Wextra -Wold-style-cast -Woverloaded-virtual -Wfloat-equal" />
					<Add option="-Wwrite-strings -Wpointer-arith -Wcast-qual -Wcast-align -Wconversion" />
					<Add option="-Wshadow -Wredundant-decls -Wdouble-promotion -Winit-self -Wswitch-default" />
					<Add option="-Wswitch-enum -Wundef -Wlogical-op -Winline" />
					<Add directory="include" />
					<Add directory="include/SFML" />
				</Compiler>
				<Linker>
					<Add library="sfml-graphics-d" />
					<Add library="sfml-window-d" />
					<Add library="sfml-system-d" />
					<Add directory="lib" />
				</Linker>
			</Target>
			<Target title="Release">
				<Option output="bin/SteamRunner" prefix_auto="1" extension_auto="1" />
				<Option object_output="bin/obj/" />
				<Option type="1" />
				<Option compiler="gcc" />
				<Compiler>
					<Add option="-O2" />
					<Add option="-std=c++11" />
				</Compiler>
				<Linker>
					<Add option="-s" />
				</Linker>
			</Target>
		</Build>
		<Compiler>
			<Add option="-std=c++11" />
			<Add option="-Wall" />
			<Add option="-fexceptions" />
			<Add directory="include" />
			<Add directory="include/core" />
			<Add directory="include/Core/resources" />
			<Add directory="include/Core/states" />
			<Add directory="include/Core/TinyXML2" />
			<Add directory="include/Graphic" />
		</Compiler>
		<Linker>
			<Add option="-lmingw32" />
			<Add option="-lglu32" />
			<Add option="-lopengl32" />
			<Add option="-lgdi32" />
			<Add library="lib\libTinyXML2.a" />
			<Add directory="lib" />
		</Linker>
		<Unit filename="include/Application.hpp" />
		<Unit filename="include/CoreEngine.hpp" />
		<Unit filename="include/Core/FSM.hpp" />
		<Unit filename="include/Core/ResourcesManager.hpp" />
		<Unit filename="include/Core/XMLUtilities.hpp" />
		<Unit filename="include/Core/resources/Action.hpp" />
		<Unit filename="include/Core/resources/Area.hpp" />
		<Unit filename="include/Core/resources/Attribute.hpp" />
		<Unit filename="include/Core/resources/Biome.hpp" />
		<Unit filename="include/Core/resources/Condition.hpp" />
		<Unit filename="include/Core/resources/Direction.hpp" />
		<Unit filename="include/Core/resources/Duration.hpp" />
		<Unit filename="include/Core/resources/Effect.hpp" />
		<Unit filename="include/Core/resources/Entity.hpp" />
		<Unit filename="include/Core/resources/Named.hpp" />
		<Unit filename="include/Core/resources/Part.hpp" />
		<Unit filename="include/Core/resources/TypeAttribute.hpp" />
		<Unit filename="include/Core/resources/TypeEffect.hpp" />
		<Unit filename="include/Core/resources/TypePart.hpp" />
		<Unit filename="include/Core/states/CharacterScreen.hpp" />
		<Unit filename="include/Core/states/CreditScreen.hpp" />
		<Unit filename="include/Core/states/EndGameScreen.hpp" />
		<Unit filename="include/Core/states/LeaveScreen.hpp" />
		<Unit filename="include/Core/states/OptionScreen.hpp" />
		<Unit filename="include/Core/states/PauseScreen.hpp" />
		<Unit filename="include/Core/states/PerkScreen.hpp" />
		<Unit filename="include/Core/states/RoomScreen.hpp" />
		<Unit filename="include/Core/states/SplashScreen.hpp" />
		<Unit filename="include/Core/states/State.hpp" />
		<Unit filename="include/Core/states/TitleScreen.hpp" />
		<Unit filename="include/Engine.hpp" />
		<Unit filename="include/EngineEvent.hpp" />
		<Unit filename="include/EngineEventManager.hpp" />
		<Unit filename="include/GraphicEngine.hpp" />
		<Unit filename="include/Graphic/ProgressBar/ProgressBar.hpp" />
		<Unit filename="include/TypeEngine.hpp" />
		<Unit filename="src/Application.cpp" />
		<Unit filename="src/CoreEngine.cpp" />
		<Unit filename="src/Core/FSM.cpp" />
		<Unit filename="src/Core/ResourcesManager.cpp" />
		<Unit filename="src/Core/XMLUtilities.cpp" />
		<Unit filename="src/Core/resources/Action.cpp" />
		<Unit filename="src/Core/resources/Area.cpp" />
		<Unit filename="src/Core/resources/Attribute.cpp" />
		<Unit filename="src/Core/resources/Biome.cpp" />
		<Unit filename="src/Core/resources/Condition.cpp" />
		<Unit filename="src/Core/resources/Direction.cpp" />
		<Unit filename="src/Core/resources/Duration.cpp" />
		<Unit filename="src/Core/resources/Effect.cpp" />
		<Unit filename="src/Core/resources/Entity.cpp" />
		<Unit filename="src/Core/resources/Named.cpp" />
		<Unit filename="src/Core/resources/Part.cpp" />
		<Unit filename="src/Core/resources/TypeAttribute.cpp" />
		<Unit filename="src/Core/resources/TypeEffect.cpp" />
		<Unit filename="src/Core/resources/TypePart.cpp" />
		<Unit filename="src/Core/states/CharacterScreen.cpp" />
		<Unit filename="src/Core/states/CreditScreen.cpp" />
		<Unit filename="src/Core/states/EndGameScreen.cpp" />
		<Unit filename="src/Core/states/LeaveScreen.cpp" />
		<Unit filename="src/Core/states/OptionScreen.cpp" />
		<Unit filename="src/Core/states/PauseScreen.cpp" />
		<Unit filename="src/Core/states/PerkScreen.cpp" />
		<Unit filename="src/Core/states/RoomScreen.cpp" />
		<Unit filename="src/Core/states/SplashScreen.cpp" />
		<Unit filename="src/Core/states/State.cpp" />
		<Unit filename="src/Core/states/TitleScreen.cpp" />
		<Unit filename="src/Engine.cpp" />
		<Unit filename="src/EngineEvent.cpp" />
		<Unit filename="src/EngineEventManager.cpp" />
		<Unit filename="src/GraphicEngine.cpp" />
		<Unit filename="src/Graphic/ProgressBar/ProgressBar.cpp" />
		<Unit filename="src/main.cpp" />
		<Extensions>
			<code_completion />
			<envvars />
			<debugger />
		</Extensions>
	</Project>
</CodeBlocks_project_file>
